
Microsoft Visual Studio Solution File, Format Version 12.00
# Visual Studio Version 16
VisualStudioVersion = 16.0.30204.135
MinimumVisualStudioVersion = 10.0.40219.1
Project("{FAE04EC0-301F-11D3-BF4B-00C04F79EFBC}") = "Odyssey_UW_NetCore", "Odyssey_UW_NetCore\Odyssey_UW_NetCore.csproj", "{6E9F91EF-6F73-463E-9C29-119649FAC0CA}"
EndProject
Global
	GlobalSection(SolutionConfigurationPlatforms) = preSolution
		Debug|Any CPU = Debug|Any CPU
		Release|Any CPU = Release|Any CPU
	EndGlobalSection
	GlobalSection(ProjectConfigurationPlatforms) = postSolution
		{6E9F91EF-6F73-463E-9C29-119649FAC0CA}.Debug|Any CPU.ActiveCfg = Debug|Any CPU
		{6E9F91EF-6F73-463E-9C29-119649FAC0CA}.Debug|Any CPU.Build.0 = Debug|Any CPU
		{6E9F91EF-6F73-463E-9C29-119649FAC0CA}.Release|Any CPU.ActiveCfg = Release|Any CPU
		{6E9F91EF-6F73-463E-9C29-119649FAC0CA}.Release|Any CPU.Build.0 = Release|Any CPU
	EndGlobalSection
	GlobalSection(SolutionProperties) = preSolution
		HideSolutionNode = FALSE
	EndGlobalSection
	GlobalSection(ExtensibilityGlobals) = postSolution
		SolutionGuid = {C3520490-4469-480F-B6BE-AADBD3451CA9}
	EndGlobalSection
EndGlobal
